
Microsoft Visual Studio Solution File, Format Version 12.00
# Visual Studio Version 17
VisualStudioVersion = 17.10.34916.146
MinimumVisualStudioVersion = 10.0.40219.1
Project("{FAE04EC0-301F-11D3-BF4B-00C04F79EFBC}") = "Employee-Management-Application", "Employee-Management-Application\Employee-Management-Application.csproj", "{A090341B-9E6B-4C0C-8F91-0FE60B0E223C}"
EndProject
Global
	GlobalSection(SolutionConfigurationPlatforms) = preSolution
		Debug|Any CPU = Debug|Any CPU
		Release|Any CPU = Release|Any CPU
	EndGlobalSection
	GlobalSection(ProjectConfigurationPlatforms) = postSolution
		{A090341B-9E6B-4C0C-8F91-0FE60B0E223C}.Debug|Any CPU.ActiveCfg = Debug|Any CPU
		{A090341B-9E6B-4C0C-8F91-0FE60B0E223C}.Debug|Any CPU.Build.0 = Debug|Any CPU
		{A090341B-9E6B-4C0C-8F91-0FE60B0E223C}.Release|Any CPU.ActiveCfg = Release|Any CPU
		{A090341B-9E6B-4C0C-8F91-0FE60B0E223C}.Release|Any CPU.Build.0 = Release|Any CPU
	EndGlobalSection
	GlobalSection(SolutionProperties) = preSolution
		HideSolutionNode = FALSE
	EndGlobalSection
	GlobalSection(ExtensibilityGlobals) = postSolution
		SolutionGuid = {4226A73F-E776-40D2-BDFB-4F494061C156}
	EndGlobalSection
EndGlobal
